
Microsoft Visual Studio Solution File, Format Version 12.00
# Visual Studio Version 16
Project("{8BC9CEB8-8B4A-11D0-8D11-00A0C91BC942}") = "SandBox", "SandBox\SandBox.vcxproj", "{D43924E3-4019-A37E-4931-2E55B58F09E0}"
EndProject
Project("{8BC9CEB8-8B4A-11D0-8D11-00A0C91BC942}") = "DY-Editor", "DY-Editor\DY-Editor.vcxproj", "{D6544B36-42BF-FFAC-8BFD-B052F7A6DD01}"
EndProject
Project("{2150E333-8FDC-42A3-9474-1A3956D46DE8}") = "Dependencies", "Dependencies", "{53E47842-3FC8-3998-A828-34EB942B241A}"
EndProject
Project("{8BC9CEB8-8B4A-11D0-8D11-00A0C91BC942}") = "GLFW", "DyEngine\vendor\glfw\GLFW.vcxproj", "{154B857C-0182-860D-AA6E-6C109684020F}"
EndProject
Project("{8BC9CEB8-8B4A-11D0-8D11-00A0C91BC942}") = "Glad", "DyEngine\vendor\Glad\Glad.vcxproj", "{BDD6857C-A90D-870D-52FA-6C103E10030F}"
EndProject
Project("{8BC9CEB8-8B4A-11D0-8D11-00A0C91BC942}") = "ImGui", "DyEngine\vendor\ImGui\ImGui.vcxproj", "{C0FF640D-2C14-8DBE-F595-301E616989EF}"
EndProject
Project("{8BC9CEB8-8B4A-11D0-8D11-00A0C91BC942}") = "DyEngine", "DyEngine\DyEngine.vcxproj", "{18506B48-041D-C653-2D36-B4FB1962FBE1}"
EndProject
Global
	GlobalSection(SolutionConfigurationPlatforms) = preSolution
		Debug|Win32 = Debug|Win32
		Dist|Win32 = Dist|Win32
		Release|Win32 = Release|Win32
	EndGlobalSection
	GlobalSection(ProjectConfigurationPlatforms) = postSolution
		{D43924E3-4019-A37E-4931-2E55B58F09E0}.Debug|Win32.ActiveCfg = Debug|Win32
		{D43924E3-4019-A37E-4931-2E55B58F09E0}.Debug|Win32.Build.0 = Debug|Win32
		{D43924E3-4019-A37E-4931-2E55B58F09E0}.Dist|Win32.ActiveCfg = Dist|Win32
		{D43924E3-4019-A37E-4931-2E55B58F09E0}.Dist|Win32.Build.0 = Dist|Win32
		{D43924E3-4019-A37E-4931-2E55B58F09E0}.Release|Win32.ActiveCfg = Release|Win32
		{D43924E3-4019-A37E-4931-2E55B58F09E0}.Release|Win32.Build.0 = Release|Win32
		{D6544B36-42BF-FFAC-8BFD-B052F7A6DD01}.Debug|Win32.ActiveCfg = Debug|Win32
		{D6544B36-42BF-FFAC-8BFD-B052F7A6DD01}.Debug|Win32.Build.0 = Debug|Win32
		{D6544B36-42BF-FFAC-8BFD-B052F7A6DD01}.Dist|Win32.ActiveCfg = Dist|Win32
		{D6544B36-42BF-FFAC-8BFD-B052F7A6DD01}.Dist|Win32.Build.0 = Dist|Win32
		{D6544B36-42BF-FFAC-8BFD-B052F7A6DD01}.Release|Win32.ActiveCfg = Release|Win32
		{D6544B36-42BF-FFAC-8BFD-B052F7A6DD01}.Release|Win32.Build.0 = Release|Win32
		{154B857C-0182-860D-AA6E-6C109684020F}.Debug|Win32.ActiveCfg = Debug|Win32
		{154B857C-0182-860D-AA6E-6C109684020F}.Debug|Win32.Build.0 = Debug|Win32
		{154B857C-0182-860D-AA6E-6C109684020F}.Dist|Win32.ActiveCfg = Dist|Win32
		{154B857C-0182-860D-AA6E-6C109684020F}.Dist|Win32.Build.0 = Dist|Win32
		{154B857C-0182-860D-AA6E-6C109684020F}.Release|Win32.ActiveCfg = Release|Win32
		{154B857C-0182-860D-AA6E-6C109684020F}.Release|Win32.Build.0 = Release|Win32
		{BDD6857C-A90D-870D-52FA-6C103E10030F}.Debug|Win32.ActiveCfg = Debug|Win32
		{BDD6857C-A90D-870D-52FA-6C103E10030F}.Debug|Win32.Build.0 = Debug|Win32
		{BDD6857C-A90D-870D-52FA-6C103E10030F}.Dist|Win32.ActiveCfg = Dist|Win32
		{BDD6857C-A90D-870D-52FA-6C103E10030F}.Dist|Win32.Build.0 = Dist|Win32
		{BDD6857C-A90D-870D-52FA-6C103E10030F}.Release|Win32.ActiveCfg = Release|Win32
		{BDD6857C-A90D-870D-52FA-6C103E10030F}.Release|Win32.Build.0 = Release|Win32
		{C0FF640D-2C14-8DBE-F595-301E616989EF}.Debug|Win32.ActiveCfg = Debug|Win32
		{C0FF640D-2C14-8DBE-F595-301E616989EF}.Debug|Win32.Build.0 = Debug|Win32
		{C0FF640D-2C14-8DBE-F595-301E616989EF}.Dist|Win32.ActiveCfg = Dist|Win32
		{C0FF640D-2C14-8DBE-F595-301E616989EF}.Dist|Win32.Build.0 = Dist|Win32
		{C0FF640D-2C14-8DBE-F595-301E616989EF}.Release|Win32.ActiveCfg = Release|Win32
		{C0FF640D-2C14-8DBE-F595-301E616989EF}.Release|Win32.Build.0 = Release|Win32
		{18506B48-041D-C653-2D36-B4FB1962FBE1}.Debug|Win32.ActiveCfg = Debug|Win32
		{18506B48-041D-C653-2D36-B4FB1962FBE1}.Debug|Win32.Build.0 = Debug|Win32
		{18506B48-041D-C653-2D36-B4FB1962FBE1}.Dist|Win32.ActiveCfg = Dist|Win32
		{18506B48-041D-C653-2D36-B4FB1962FBE1}.Dist|Win32.Build.0 = Dist|Win32
		{18506B48-041D-C653-2D36-B4FB1962FBE1}.Release|Win32.ActiveCfg = Release|Win32
		{18506B48-041D-C653-2D36-B4FB1962FBE1}.Release|Win32.Build.0 = Release|Win32
	EndGlobalSection
	GlobalSection(SolutionProperties) = preSolution
		HideSolutionNode = FALSE
	EndGlobalSection
	GlobalSection(NestedProjects) = preSolution
		{154B857C-0182-860D-AA6E-6C109684020F} = {53E47842-3FC8-3998-A828-34EB942B241A}
		{BDD6857C-A90D-870D-52FA-6C103E10030F} = {53E47842-3FC8-3998-A828-34EB942B241A}
		{C0FF640D-2C14-8DBE-F595-301E616989EF} = {53E47842-3FC8-3998-A828-34EB942B241A}
	EndGlobalSection
EndGlobal
